
Microsoft Visual Studio Solution File, Format Version 12.00
# Visual Studio 15
VisualStudioVersion = 15.0.28307.489
MinimumVisualStudioVersion = 10.0.40219.1
Project("{FAE04EC0-301F-11D3-BF4B-00C04F79EFBC}") = "SpiritsApi", "SpiritsApi\SpiritsApi.csproj", "{388C1BE6-2DBC-4F1B-953F-FDE64E6805CC}"
EndProject
Global
	GlobalSection(SolutionConfigurationPlatforms) = preSolution
		Debug|Any CPU = Debug|Any CPU
		Release|Any CPU = Release|Any CPU
	EndGlobalSection
	GlobalSection(ProjectConfigurationPlatforms) = postSolution
		{388C1BE6-2DBC-4F1B-953F-FDE64E6805CC}.Debug|Any CPU.ActiveCfg = Debug|Any CPU
		{388C1BE6-2DBC-4F1B-953F-FDE64E6805CC}.Debug|Any CPU.Build.0 = Debug|Any CPU
		{388C1BE6-2DBC-4F1B-953F-FDE64E6805CC}.Release|Any CPU.ActiveCfg = Release|Any CPU
		{388C1BE6-2DBC-4F1B-953F-FDE64E6805CC}.Release|Any CPU.Build.0 = Release|Any CPU
	EndGlobalSection
	GlobalSection(SolutionProperties) = preSolution
		HideSolutionNode = FALSE
	EndGlobalSection
	GlobalSection(ExtensibilityGlobals) = postSolution
		SolutionGuid = {D54165AC-FB37-48C0-818F-75812E5E952F}
	EndGlobalSection
EndGlobal
